
Microsoft Visual Studio Solution File, Format Version 12.00
# Visual Studio Version 16
VisualStudioVersion = 16.0.32228.343
MinimumVisualStudioVersion = 10.0.40219.1
Project("{FAE04EC0-301F-11D3-BF4B-00C04F79EFBC}") = "ADSProject", "ADSProject\ADSProject.csproj", "{B07A8459-4706-466A-A24A-E89D9A29FC16}"
EndProject
Global
	GlobalSection(SolutionConfigurationPlatforms) = preSolution
		Debug|Any CPU = Debug|Any CPU
		Release|Any CPU = Release|Any CPU
	EndGlobalSection
	GlobalSection(ProjectConfigurationPlatforms) = postSolution
		{B07A8459-4706-466A-A24A-E89D9A29FC16}.Debug|Any CPU.ActiveCfg = Debug|Any CPU
		{B07A8459-4706-466A-A24A-E89D9A29FC16}.Debug|Any CPU.Build.0 = Debug|Any CPU
		{B07A8459-4706-466A-A24A-E89D9A29FC16}.Release|Any CPU.ActiveCfg = Release|Any CPU
		{B07A8459-4706-466A-A24A-E89D9A29FC16}.Release|Any CPU.Build.0 = Release|Any CPU
	EndGlobalSection
	GlobalSection(SolutionProperties) = preSolution
		HideSolutionNode = FALSE
	EndGlobalSection
	GlobalSection(ExtensibilityGlobals) = postSolution
		SolutionGuid = {83E9B793-FEAC-4A21-B30D-C9AD942CA119}
	EndGlobalSection
EndGlobal
